<?xml version="1.0"?>
<CONFIG>
  <ProjectOptions>
    <Version Value="9"/>
    <PathDelim Value="\"/>
    <General>
      <MainUnit Value="0"/>
      <AutoCreateForms Value="False"/>
      <UseAppBundle Value="False"/>
      <ResourceType Value="res"/>
      <UseXPManifest Value="True"/>
      <Icon Value="0"/>
      <ActiveWindowIndexAtStart Value="0"/>
    </General>
    <i18n>
      <EnableI18N Value="True"/>
      <OutDir Value="locale"/>
    </i18n>
    <VersionInfo>
      <UseVersionInfo Value="True"/>
      <MinorVersionNr Value="80"/>
      <RevisionNr Value="1"/>
      <StringTable ProductVersion=""/>
    </VersionInfo>
    <BuildModes Count="1" Active="Default">
      <Item1 Name="Default" Default="True"/>
    </BuildModes>
    <PublishOptions>
      <Version Value="2"/>
      <IncludeFileFilter Value="*.(pas|pp|inc|lfm|lpr|lrs|lpi|lpk|sh|xml)"/>
      <ExcludeFileFilter Value="*.(bak|ppu|o|so);*~;backup"/>
    </PublishOptions>
    <RunParams>
      <local>
        <FormatVersion Value="1"/>
      </local>
    </RunParams>
    <RequiredPackages Count="1">
      <Item1>
        <PackageName Value="LCL"/>
      </Item1>
    </RequiredPackages>
    <Units Count="63">
      <Unit0>
        <Filename Value="terry.lpr"/>
        <IsPartOfProject Value="True"/>
        <WindowIndex Value="0"/>
        <TopLine Value="480"/>
        <CursorPos X="51" Y="454"/>
        <UsageCount Value="200"/>
        <DefaultSyntaxHighlighter Value="Delphi"/>
      </Unit0>
      <Unit1>
        <Filename Value="fmapu.pas"/>
        <UnitName Value="fmapu"/>
        <WindowIndex Value="0"/>
        <TopLine Value="1"/>
        <CursorPos X="15" Y="4"/>
        <UsageCount Value="170"/>
        <DefaultSyntaxHighlighter Value="Delphi"/>
      </Unit1>
      <Unit2>
        <Filename Value="declu.pas"/>
        <IsPartOfProject Value="True"/>
        <UnitName Value="declu"/>
        <EditorIndex Value="0"/>
        <WindowIndex Value="0"/>
        <TopLine Value="236"/>
        <CursorPos X="11" Y="259"/>
        <UsageCount Value="200"/>
        <Loaded Value="True"/>
        <DefaultSyntaxHighlighter Value="Delphi"/>
      </Unit2>
      <Unit3>
        <Filename Value="DockH.pas"/>
        <IsPartOfProject Value="True"/>
        <UnitName Value="DockH"/>
        <WindowIndex Value="0"/>
        <TopLine Value="292"/>
        <CursorPos X="28" Y="305"/>
        <UsageCount Value="200"/>
        <DefaultSyntaxHighlighter Value="Delphi"/>
      </Unit3>
      <Unit4>
        <Filename Value="frmterryu.pas"/>
        <IsPartOfProject Value="True"/>
        <ComponentName Value="frmterry"/>
        <HasResources Value="True"/>
        <ResourceBaseClass Value="Form"/>
        <UnitName Value="frmterryu"/>
        <IsVisibleTab Value="True"/>
        <EditorIndex Value="1"/>
        <WindowIndex Value="0"/>
        <TopLine Value="1069"/>
        <CursorPos X="10" Y="1072"/>
        <UsageCount Value="200"/>
        <Loaded Value="True"/>
        <LoadedDesigner Value="True"/>
        <DefaultSyntaxHighlighter Value="Delphi"/>
      </Unit4>
      <Unit5>
        <Filename Value="frmsetsu.pas"/>
        <IsPartOfProject Value="True"/>
        <ComponentName Value="frmsets"/>
        <HasResources Value="True"/>
        <ResourceBaseClass Value="Form"/>
        <UnitName Value="frmsetsu"/>
        <WindowIndex Value="0"/>
        <TopLine Value="276"/>
        <CursorPos X="53" Y="298"/>
        <UsageCount Value="200"/>
        <DefaultSyntaxHighlighter Value="Delphi"/>
      </Unit5>
      <Unit6>
        <Filename Value="frmitemoptu.pas"/>
        <IsPartOfProject Value="True"/>
        <ComponentName Value="frmItemProp"/>
        <HasResources Value="True"/>
        <ResourceBaseClass Value="Form"/>
        <UnitName Value="frmitemoptu"/>
        <WindowIndex Value="0"/>
        <TopLine Value="209"/>
        <CursorPos X="28" Y="224"/>
        <UsageCount Value="200"/>
        <DefaultSyntaxHighlighter Value="Delphi"/>
      </Unit6>
      <Unit7>
        <Filename Value="frmcmdu.pas"/>
        <IsPartOfProject Value="True"/>
        <ComponentName Value="frmcmd"/>
        <HasResources Value="True"/>
        <ResourceBaseClass Value="Form"/>
        <UnitName Value="frmcmdu"/>
        <WindowIndex Value="0"/>
        <TopLine Value="1"/>
        <CursorPos X="46" Y="18"/>
        <UsageCount Value="200"/>
        <DefaultSyntaxHighlighter Value="Delphi"/>
      </Unit7>
      <Unit8>
        <Filename Value="frmFontU.pas"/>
        <IsPartOfProject Value="True"/>
        <ComponentName Value="frmFont"/>
        <HasResources Value="True"/>
        <ResourceBaseClass Value="Form"/>
        <UnitName Value="frmFontU"/>
        <WindowIndex Value="0"/>
        <TopLine Value="6"/>
        <CursorPos X="46" Y="29"/>
        <UsageCount Value="200"/>
        <DefaultSyntaxHighlighter Value="Delphi"/>
      </Unit8>
      <Unit9>
        <Filename Value="frmMenuEditorU.pas"/>
        <ComponentName Value="frmMenuEditor"/>
        <HasResources Value="True"/>
        <ResourceBaseClass Value="Form"/>
        <UnitName Value="frmMenuEditorU"/>
        <WindowIndex Value="0"/>
        <TopLine Value="119"/>
        <CursorPos X="78" Y="141"/>
        <UsageCount Value="166"/>
        <DefaultSyntaxHighlighter Value="Delphi"/>
      </Unit9>
      <Unit10>
        <Filename Value="frmLayersEditorU.pas"/>
        <IsPartOfProject Value="True"/>
        <ComponentName Value="frmLayersEditor"/>
        <HasResources Value="True"/>
        <ResourceBaseClass Value="Form"/>
        <UnitName Value="frmLayersEditorU"/>
        <WindowIndex Value="0"/>
        <TopLine Value="1"/>
        <CursorPos X="8" Y="3"/>
        <UsageCount Value="200"/>
        <DefaultSyntaxHighlighter Value="Delphi"/>
      </Unit10>
      <Unit11>
        <Filename Value="frmColorU.pas"/>
        <IsPartOfProject Value="True"/>
        <ComponentName Value="frmColor"/>
        <HasResources Value="True"/>
        <ResourceBaseClass Value="Form"/>
        <UnitName Value="frmColorU"/>
        <WindowIndex Value="0"/>
        <TopLine Value="1"/>
        <CursorPos X="35" Y="13"/>
        <UsageCount Value="200"/>
        <DefaultSyntaxHighlighter Value="Delphi"/>
      </Unit11>
      <Unit12>
        <Filename Value="themeu.pas"/>
        <IsPartOfProject Value="True"/>
        <UnitName Value="themeu"/>
        <WindowIndex Value="0"/>
        <TopLine Value="96"/>
        <CursorPos X="28" Y="126"/>
        <UsageCount Value="200"/>
        <DefaultSyntaxHighlighter Value="Delphi"/>
      </Unit12>
      <Unit13>
        <Filename Value="setsu.pas"/>
        <IsPartOfProject Value="True"/>
        <UnitName Value="setsu"/>
        <WindowIndex Value="0"/>
        <TopLine Value="653"/>
        <CursorPos X="8" Y="668"/>
        <UsageCount Value="200"/>
        <DefaultSyntaxHighlighter Value="Delphi"/>
      </Unit13>
      <Unit14>
        <Filename Value="gdip_gfx.pas"/>
        <IsPartOfProject Value="True"/>
        <UnitName Value="gdip_gfx"/>
        <WindowIndex Value="0"/>
        <TopLine Value="961"/>
        <CursorPos X="48" Y="1081"/>
        <UsageCount Value="200"/>
        <DefaultSyntaxHighlighter Value="Delphi"/>
      </Unit14>
      <Unit15>
        <Filename Value="exeu.pas"/>
        <UnitName Value="exeu"/>
        <WindowIndex Value="0"/>
        <TopLine Value="1"/>
        <CursorPos X="1" Y="6"/>
        <UsageCount Value="170"/>
        <DefaultSyntaxHighlighter Value="Delphi"/>
      </Unit15>
      <Unit16>
        <Filename Value="toolu.pas"/>
        <IsPartOfProject Value="True"/>
        <UnitName Value="toolu"/>
        <WindowIndex Value="0"/>
        <TopLine Value="35"/>
        <CursorPos X="48" Y="14"/>
        <UsageCount Value="200"/>
        <DefaultSyntaxHighlighter Value="Delphi"/>
      </Unit16>
      <Unit17>
        <Filename Value="timeru.pas"/>
        <UnitName Value="timeru"/>
        <WindowIndex Value="0"/>
        <TopLine Value="22"/>
        <CursorPos X="12" Y="37"/>
        <UsageCount Value="30"/>
        <DefaultSyntaxHighlighter Value="Delphi"/>
      </Unit17>
      <Unit18>
        <Filename Value="itemmgru.pas"/>
        <IsPartOfProject Value="True"/>
        <UnitName Value="itemmgru"/>
        <EditorIndex Value="2"/>
        <WindowIndex Value="0"/>
        <TopLine Value="842"/>
        <CursorPos X="59" Y="839"/>
        <UsageCount Value="200"/>
        <Loaded Value="True"/>
        <DefaultSyntaxHighlighter Value="Delphi"/>
      </Unit18>
      <Unit19>
        <Filename Value="scitemu.pas"/>
        <IsPartOfProject Value="True"/>
        <UnitName Value="scitemu"/>
        <EditorIndex Value="4"/>
        <WindowIndex Value="0"/>
        <TopLine Value="393"/>
        <CursorPos X="92" Y="494"/>
        <UsageCount Value="200"/>
        <Loaded Value="True"/>
        <DefaultSyntaxHighlighter Value="Delphi"/>
      </Unit19>
      <Unit20>
        <Filename Value="hintu.pas"/>
        <IsPartOfProject Value="True"/>
        <UnitName Value="hintu"/>
        <WindowIndex Value="0"/>
        <TopLine Value="300"/>
        <CursorPos X="3" Y="315"/>
        <FoldState Value=" T3f0H2;"/>
        <UsageCount Value="200"/>
        <DefaultSyntaxHighlighter Value="Delphi"/>
      </Unit20>
      <Unit21>
        <Filename Value="tabmgru.pas"/>
        <UnitName Value="tabmgru"/>
        <WindowIndex Value="0"/>
        <TopLine Value="60"/>
        <CursorPos X="1" Y="95"/>
        <FoldState Value=" T3iG0D311q"/>
        <UsageCount Value="170"/>
        <DefaultSyntaxHighlighter Value="Delphi"/>
      </Unit21>
      <Unit22>
        <Filename Value="droptgtu.pas"/>
        <IsPartOfProject Value="True"/>
        <UnitName Value="DropTgtU"/>
        <WindowIndex Value="0"/>
        <TopLine Value="198"/>
        <CursorPos X="71" Y="248"/>
        <UsageCount Value="200"/>
        <DefaultSyntaxHighlighter Value="Delphi"/>
      </Unit22>
      <Unit23>
        <Filename Value="plgitemu.pas"/>
        <IsPartOfProject Value="True"/>
        <UnitName Value="plgitemu"/>
        <WindowIndex Value="0"/>
        <TopLine Value="97"/>
        <CursorPos X="58" Y="120"/>
        <UsageCount Value="200"/>
        <DefaultSyntaxHighlighter Value="Delphi"/>
      </Unit23>
      <Unit24>
        <Filename Value="shcontextu.pas"/>
        <IsPartOfProject Value="True"/>
        <UnitName Value="shcontextu"/>
        <WindowIndex Value="0"/>
        <TopLine Value="1"/>
        <CursorPos X="24" Y="6"/>
        <FoldState Value=" T3K0N2 pj3jW0K2e"/>
        <UsageCount Value="200"/>
        <DefaultSyntaxHighlighter Value="Delphi"/>
      </Unit24>
      <Unit25>
        <Filename Value="sepitemu.pas"/>
        <IsPartOfProject Value="True"/>
        <UnitName Value="sepitemu"/>
        <EditorIndex Value="5"/>
        <WindowIndex Value="0"/>
        <TopLine Value="258"/>
        <CursorPos X="60" Y="62"/>
        <UsageCount Value="200"/>
        <Loaded Value="True"/>
        <DefaultSyntaxHighlighter Value="Delphi"/>
      </Unit25>
      <Unit26>
        <Filename Value="notifieru.pas"/>
        <IsPartOfProject Value="True"/>
        <UnitName Value="notifieru"/>
        <WindowIndex Value="0"/>
        <TopLine Value="1"/>
        <CursorPos X="43" Y="23"/>
        <UsageCount Value="200"/>
        <DefaultSyntaxHighlighter Value="Delphi"/>
      </Unit26>
      <Unit27>
        <Filename Value="PIDL.pas"/>
        <IsPartOfProject Value="True"/>
        <UnitName Value="PIDL"/>
        <WindowIndex Value="0"/>
        <TopLine Value="37"/>
        <CursorPos X="8" Y="46"/>
        <UsageCount Value="200"/>
        <DefaultSyntaxHighlighter Value="Delphi"/>
      </Unit27>
      <Unit28>
        <Filename Value="clockitemu.pas"/>
        <UnitName Value="clockitemu"/>
        <WindowIndex Value="0"/>
        <TopLine Value="626"/>
        <CursorPos X="26" Y="642"/>
        <UsageCount Value="134"/>
        <DefaultSyntaxHighlighter Value="Delphi"/>
      </Unit28>
      <Unit29>
        <Filename Value="dwm_unit.pas"/>
        <IsPartOfProject Value="True"/>
        <UnitName Value="dwm_unit"/>
        <WindowIndex Value="0"/>
        <TopLine Value="52"/>
        <CursorPos X="37" Y="88"/>
        <UsageCount Value="200"/>
        <DefaultSyntaxHighlighter Value="Delphi"/>
      </Unit29>
      <Unit30>
        <Filename Value="sysitemu.pas"/>
        <UnitName Value="sysitemu"/>
        <WindowIndex Value="0"/>
        <TopLine Value="690"/>
        <CursorPos X="26" Y="706"/>
        <UsageCount Value="134"/>
        <DefaultSyntaxHighlighter Value="Delphi"/>
      </Unit30>
      <Unit31>
        <Filename Value="frmtrayu.pas"/>
        <ComponentName Value="frmtray"/>
        <HasResources Value="True"/>
        <ResourceBaseClass Value="Form"/>
        <UnitName Value="frmtrayu"/>
        <WindowIndex Value="0"/>
        <TopLine Value="109"/>
        <CursorPos X="15" Y="127"/>
        <UsageCount Value="144"/>
        <DefaultSyntaxHighlighter Value="Delphi"/>
      </Unit31>
      <Unit32>
        <Filename Value="frmColorData_unit.pas"/>
        <IsPartOfProject Value="True"/>
        <ComponentName Value="frmColorData"/>
        <HasResources Value="True"/>
        <ResourceBaseClass Value="Form"/>
        <UnitName Value="frmColorData_unit"/>
        <WindowIndex Value="0"/>
        <TopLine Value="1"/>
        <CursorPos X="1" Y="1"/>
        <UsageCount Value="200"/>
        <DefaultSyntaxHighlighter Value="Delphi"/>
      </Unit32>
      <Unit33>
        <Filename Value="frmNotepad_unit.pas"/>
        <ComponentName Value="frmNotepad"/>
        <HasResources Value="True"/>
        <ResourceBaseClass Value="Form"/>
        <UnitName Value="frmNotepad_unit"/>
        <WindowIndex Value="0"/>
        <TopLine Value="19"/>
        <CursorPos X="34" Y="110"/>
        <UsageCount Value="144"/>
        <DefaultSyntaxHighlighter Value="Delphi"/>
      </Unit33>
      <Unit34>
        <Filename Value="taskitemu.pas"/>
        <IsPartOfProject Value="True"/>
        <UnitName Value="taskitemu"/>
        <WindowIndex Value="0"/>
        <TopLine Value="230"/>
        <CursorPos X="48" Y="251"/>
        <UsageCount Value="200"/>
        <DefaultSyntaxHighlighter Value="Delphi"/>
      </Unit34>
      <Unit35>
        <Filename Value="frmCollectionU.pas"/>
        <ComponentName Value="frmCollection"/>
        <HasResources Value="True"/>
        <ResourceBaseClass Value="Form"/>
        <UnitName Value="frmCollectionU"/>
        <WindowIndex Value="0"/>
        <TopLine Value="87"/>
        <CursorPos X="1" Y="12"/>
        <FoldState Value=" T3j9684 piYj9065]9fjG0J]IkCkf0q2 pjFkU0V7]Rcjg0B5c"/>
        <UsageCount Value="141"/>
        <DefaultSyntaxHighlighter Value="Delphi"/>
      </Unit35>
      <Unit36>
        <Filename Value="trayitemu.pas"/>
        <UnitName Value="trayitemu"/>
        <WindowIndex Value="0"/>
        <TopLine Value="648"/>
        <CursorPos X="51" Y="47"/>
        <FoldState Value=" T3iV0W1a"/>
        <UsageCount Value="138"/>
        <DefaultSyntaxHighlighter Value="Delphi"/>
      </Unit36>
      <Unit37>
        <Filename Value="EColor.pas"/>
        <IsPartOfProject Value="True"/>
        <UnitName Value="EColor"/>
        <WindowIndex Value="0"/>
        <TopLine Value="16"/>
        <CursorPos X="29" Y="12"/>
        <FoldState Value=" T3j4043D44"/>
        <UsageCount Value="200"/>
        <DefaultSyntaxHighlighter Value="Delphi"/>
      </Unit37>
      <Unit38>
        <Filename Value="adCpuUsage.pas"/>
        <UnitName Value="adCpuUsage"/>
        <WindowIndex Value="0"/>
        <TopLine Value="386"/>
        <CursorPos X="50" Y="187"/>
        <UsageCount Value="144"/>
        <DefaultSyntaxHighlighter Value="Delphi"/>
      </Unit38>
      <Unit39>
        <Filename Value="aesdll.pas"/>
        <UnitName Value="aesdll"/>
        <WindowIndex Value="0"/>
        <TopLine Value="1"/>
        <CursorPos X="25" Y="41"/>
        <UsageCount Value="144"/>
        <DefaultSyntaxHighlighter Value="Delphi"/>
      </Unit39>
      <Unit40>
        <Filename Value="ShellDialogs.pas"/>
        <UnitName Value="ShellDialogs"/>
        <WindowIndex Value="0"/>
        <TopLine Value="153"/>
        <CursorPos X="8" Y="41"/>
        <FoldState Value=" T3id0S013 pj2lU0Q!"/>
        <UsageCount Value="170"/>
        <DefaultSyntaxHighlighter Value="Delphi"/>
      </Unit40>
      <Unit41>
        <Filename Value="C:\lazarus\lcl\forms.pp"/>
        <UnitName Value="Forms"/>
        <WindowIndex Value="0"/>
        <TopLine Value="19"/>
        <CursorPos X="81" Y="1621"/>
        <UsageCount Value="10"/>
      </Unit41>
      <Unit42>
        <Filename Value="customitemu.pas"/>
        <IsPartOfProject Value="True"/>
        <UnitName Value="customitemu"/>
        <EditorIndex Value="3"/>
        <WindowIndex Value="0"/>
        <TopLine Value="274"/>
        <CursorPos X="1" Y="297"/>
        <UsageCount Value="200"/>
        <Loaded Value="True"/>
        <DefaultSyntaxHighlighter Value="Delphi"/>
      </Unit42>
      <Unit43>
        <Filename Value="frmDebugU.pas"/>
        <IsPartOfProject Value="True"/>
        <ComponentName Value="frmDebug"/>
        <ResourceBaseClass Value="Form"/>
        <UnitName Value="frmDebugU"/>
        <WindowIndex Value="0"/>
        <TopLine Value="6"/>
        <CursorPos X="33" Y="30"/>
        <UsageCount Value="200"/>
        <DefaultSyntaxHighlighter Value="Delphi"/>
      </Unit43>
      <Unit44>
        <Filename Value="traycontrolleru.pas"/>
        <IsPartOfProject Value="True"/>
        <UnitName Value="traycontrolleru"/>
        <WindowIndex Value="0"/>
        <TopLine Value="54"/>
        <CursorPos X="23" Y="28"/>
        <UsageCount Value="200"/>
        <DefaultSyntaxHighlighter Value="Delphi"/>
      </Unit44>
      <Unit45>
        <Filename Value="frmaddu.pas"/>
        <ComponentName Value="frmAdd"/>
        <HasResources Value="True"/>
        <ResourceBaseClass Value="Form"/>
        <UnitName Value="frmAddU"/>
        <WindowIndex Value="0"/>
        <TopLine Value="1"/>
        <CursorPos X="83" Y="86"/>
        <UsageCount Value="163"/>
        <DefaultSyntaxHighlighter Value="Delphi"/>
      </Unit45>
      <Unit46>
        <Filename Value="frmaddcommandu.pas"/>
        <IsPartOfProject Value="True"/>
        <ComponentName Value="frmAddCommand"/>
        <HasResources Value="True"/>
        <ResourceBaseClass Value="Form"/>
        <UnitName Value="frmAddCommandU"/>
        <WindowIndex Value="0"/>
        <TopLine Value="74"/>
        <CursorPos X="101" Y="104"/>
        <UsageCount Value="201"/>
        <DefaultSyntaxHighlighter Value="Delphi"/>
      </Unit46>
      <Unit47>
        <Filename Value="dragitemu.pas"/>
        <UnitName Value="dragitemu"/>
        <WindowIndex Value="0"/>
        <TopLine Value="1"/>
        <CursorPos X="3" Y="8"/>
        <FoldState Value=" T3X0O513K"/>
        <UsageCount Value="163"/>
        <DefaultSyntaxHighlighter Value="Delphi"/>
      </Unit47>
      <Unit48>
        <Filename Value="stackitemu.pas"/>
        <IsPartOfProject Value="True"/>
        <UnitName Value="stackitemu"/>
        <WindowIndex Value="0"/>
        <TopLine Value="109"/>
        <CursorPos X="103" Y="762"/>
        <UsageCount Value="200"/>
        <DefaultSyntaxHighlighter Value="Delphi"/>
      </Unit48>
      <Unit49>
        <Filename Value="frmstackpropu.pas"/>
        <IsPartOfProject Value="True"/>
        <ComponentName Value="frmStackProp"/>
        <HasResources Value="True"/>
        <ResourceBaseClass Value="Form"/>
        <UnitName Value="frmstackpropu"/>
        <WindowIndex Value="0"/>
        <TopLine Value="239"/>
        <CursorPos X="19" Y="243"/>
        <UsageCount Value="202"/>
        <DefaultSyntaxHighlighter Value="Delphi"/>
      </Unit49>
      <Unit50>
        <Filename Value="stacksubitemu.pas"/>
        <IsPartOfProject Value="True"/>
        <UnitName Value="stacksubitemu"/>
        <WindowIndex Value="0"/>
        <TopLine Value="525"/>
        <CursorPos X="90" Y="562"/>
        <UsageCount Value="201"/>
        <DefaultSyntaxHighlighter Value="Delphi"/>
      </Unit50>
      <Unit51>
        <Filename Value="stackmodeu.pas"/>
        <IsPartOfProject Value="True"/>
        <UnitName Value="stackmodeu"/>
        <WindowIndex Value="0"/>
        <TopLine Value="1"/>
        <CursorPos X="1" Y="3"/>
        <UsageCount Value="200"/>
        <DefaultSyntaxHighlighter Value="Delphi"/>
      </Unit51>
      <Unit52>
        <Filename Value="C:\lazarus\fpc\2.6.2\source\packages\winunits-base\src\shlobj.pp"/>
        <UnitName Value="shlobj"/>
        <WindowIndex Value="0"/>
        <TopLine Value="606"/>
        <CursorPos X="3" Y="630"/>
        <UsageCount Value="5"/>
      </Unit52>
      <Unit53>
        <Filename Value="C:\lazarus\fpc\2.6.2\source\packages\winunits-base\src\comobj.pp"/>
        <UnitName Value="comobj"/>
        <WindowIndex Value="0"/>
        <TopLine Value="527"/>
        <CursorPos X="4" Y="546"/>
        <UsageCount Value="9"/>
      </Unit53>
      <Unit54>
        <Filename Value="processhlp.pas"/>
        <IsPartOfProject Value="True"/>
        <UnitName Value="processhlp"/>
        <WindowIndex Value="0"/>
        <TopLine Value="107"/>
        <CursorPos X="23" Y="130"/>
        <UsageCount Value="200"/>
        <DefaultSyntaxHighlighter Value="Delphi"/>
      </Unit54>
      <Unit55>
        <Filename Value="dropindicatoru.pas"/>
        <IsPartOfProject Value="True"/>
        <UnitName Value="dropindicatoru"/>
        <WindowIndex Value="0"/>
        <TopLine Value="57"/>
        <CursorPos X="48" Y="92"/>
        <UsageCount Value="200"/>
        <DefaultSyntaxHighlighter Value="Delphi"/>
      </Unit55>
      <Unit56>
        <Filename Value="C:\lazarus\fpc\2.6.2\source\rtl\win\wininc\defines.inc"/>
        <WindowIndex Value="0"/>
        <TopLine Value="1376"/>
        <CursorPos X="6" Y="1400"/>
        <UsageCount Value="5"/>
      </Unit56>
      <Unit57>
        <Filename Value="C:\lazarus\fpc\2.6.2\source\rtl\objpas\classes\classesh.inc"/>
        <WindowIndex Value="0"/>
        <TopLine Value="183"/>
        <CursorPos X="66" Y="202"/>
        <UsageCount Value="5"/>
      </Unit57>
      <Unit58>
        <Filename Value="C:\lazarus\fpc\2.6.2\source\packages\winunits-jedi\src\jwawinerror.pas"/>
        <UnitName Value="jwawinerror"/>
        <WindowIndex Value="0"/>
        <TopLine Value="459"/>
        <CursorPos X="32" Y="249"/>
        <UsageCount Value="4"/>
      </Unit58>
      <Unit59>
        <Filename Value="C:\lazarus\fpc\2.6.4\source\rtl\win\wininc\base.inc"/>
        <WindowIndex Value="0"/>
        <TopLine Value="1021"/>
        <CursorPos X="8" Y="1033"/>
        <UsageCount Value="9"/>
      </Unit59>
      <Unit60>
        <Filename Value="C:\lazarus\fpc\2.6.4\source\rtl\win\wininc\defines.inc"/>
        <WindowIndex Value="0"/>
        <TopLine Value="2244"/>
        <CursorPos X="6" Y="2262"/>
        <UsageCount Value="9"/>
      </Unit60>
      <Unit61>
        <Filename Value="C:\lazarus\lcl\comctrls.pp"/>
        <UnitName Value="ComCtrls"/>
        <WindowIndex Value="0"/>
        <TopLine Value="817"/>
        <CursorPos X="32" Y="834"/>
        <UsageCount Value="10"/>
      </Unit61>
      <Unit62>
        <Filename Value="C:\lazarus\lcl\graphics.pp"/>
        <UnitName Value="Graphics"/>
        <WindowIndex Value="0"/>
        <TopLine Value="104"/>
        <CursorPos X="3" Y="101"/>
        <UsageCount Value="10"/>
      </Unit62>
    </Units>
    <JumpHistory Count="29" HistoryIndex="28">
      <Position1>
        <Filename Value="itemmgru.pas"/>
        <Caret Line="1032" Column="60" TopLine="995"/>
      </Position1>
      <Position2>
        <Filename Value="itemmgru.pas"/>
        <Caret Line="1034" Column="58" TopLine="997"/>
      </Position2>
      <Position3>
        <Filename Value="itemmgru.pas"/>
        <Caret Line="1355" Column="33" TopLine="1317"/>
      </Position3>
      <Position4>
        <Filename Value="itemmgru.pas"/>
        <Caret Line="1352" Column="15" TopLine="1349"/>
      </Position4>
      <Position5>
        <Filename Value="itemmgru.pas"/>
        <Caret Line="1373" Column="67" TopLine="1349"/>
      </Position5>
      <Position6>
        <Filename Value="frmterryu.pas"/>
        <Caret Line="1408" Column="32" TopLine="1389"/>
      </Position6>
      <Position7>
        <Filename Value="itemmgru.pas"/>
        <Caret Line="97" Column="1" TopLine="70"/>
      </Position7>
      <Position8>
        <Filename Value="itemmgru.pas"/>
        <Caret Line="294" Column="35" TopLine="271"/>
      </Position8>
      <Position9>
        <Filename Value="frmterryu.pas"/>
        <Caret Line="1089" Column="33" TopLine="1078"/>
      </Position9>
      <Position10>
        <Filename Value="frmterryu.pas"/>
        <Caret Line="98" Column="14" TopLine="77"/>
      </Position10>
      <Position11>
        <Filename Value="frmterryu.pas"/>
        <Caret Line="519" Column="19" TopLine="495"/>
      </Position11>
      <Position12>
        <Filename Value="frmterryu.pas"/>
        <Caret Line="1116" Column="12" TopLine="1093"/>
      </Position12>
      <Position13>
        <Filename Value="frmterryu.pas"/>
        <Caret Line="98" Column="14" TopLine="77"/>
      </Position13>
      <Position14>
        <Filename Value="frmterryu.pas"/>
        <Caret Line="518" Column="38" TopLine="495"/>
      </Position14>
      <Position15>
        <Filename Value="frmterryu.pas"/>
        <Caret Line="519" Column="19" TopLine="495"/>
      </Position15>
      <Position16>
        <Filename Value="frmterryu.pas"/>
        <Caret Line="1092" Column="20" TopLine="1069"/>
      </Position16>
      <Position17>
        <Filename Value="frmterryu.pas"/>
        <Caret Line="1124" Column="12" TopLine="1093"/>
      </Position17>
      <Position18>
        <Filename Value="frmterryu.pas"/>
        <Caret Line="1142" Column="35" TopLine="1119"/>
      </Position18>
      <Position19>
        <Filename Value="frmterryu.pas"/>
        <Caret Line="1187" Column="15" TopLine="1164"/>
      </Position19>
      <Position20>
        <Filename Value="frmterryu.pas"/>
        <Caret Line="1474" Column="34" TopLine="1451"/>
      </Position20>
      <Position21>
        <Filename Value="frmterryu.pas"/>
        <Caret Line="1484" Column="50" TopLine="1480"/>
      </Position21>
      <Position22>
        <Filename Value="frmterryu.pas"/>
        <Caret Line="708" Column="1" TopLine="702"/>
      </Position22>
      <Position23>
        <Filename Value="frmterryu.pas"/>
        <Caret Line="1398" Column="20" TopLine="1389"/>
      </Position23>
      <Position24>
        <Filename Value="frmterryu.pas"/>
        <Caret Line="706" Column="31" TopLine="697"/>
      </Position24>
      <Position25>
        <Filename Value="frmterryu.pas"/>
        <Caret Line="54" Column="28" TopLine="32"/>
      </Position25>
      <Position26>
        <Filename Value="frmterryu.pas"/>
        <Caret Line="55" Column="30" TopLine="32"/>
      </Position26>
      <Position27>
        <Filename Value="frmterryu.pas"/>
        <Caret Line="362" Column="64" TopLine="324"/>
      </Position27>
      <Position28>
        <Filename Value="frmterryu.pas"/>
        <Caret Line="793" Column="15" TopLine="756"/>
      </Position28>
      <Position29>
        <Filename Value="frmterryu.pas"/>
        <Caret Line="1108" Column="42" TopLine="1099"/>
      </Position29>
    </JumpHistory>
  </ProjectOptions>
  <CompilerOptions>
    <Version Value="11"/>
    <PathDelim Value="\"/>
    <Target>
      <Filename Value="terry"/>
    </Target>
    <SearchPaths>
      <IncludeFiles Value="$(ProjOutDir)"/>
      <UnitOutputDirectory Value="lib"/>
    </SearchPaths>
    <Parsing>
      <Style Value="1"/>
      <SyntaxOptions>
        <SyntaxMode Value="Delphi"/>
        <AllowLabel Value="False"/>
      </SyntaxOptions>
    </Parsing>
    <CodeGeneration>
      <SmartLinkUnit Value="True"/>
      <TargetProcessor Value="pentium4"/>
      <TargetOS Value="win32"/>
    </CodeGeneration>
    <Linking>
      <Debugging>
        <GenerateDebugInfo Value="False"/>
        <UseLineInfoUnit Value="False"/>
        <StripSymbols Value="True"/>
      </Debugging>
      <LinkSmart Value="True"/>
      <Options>
        <Win32>
          <GraphicApplication Value="True"/>
        </Win32>
      </Options>
    </Linking>
    <Other>
      <CompilerMessages>
        <UseMsgFile Value="True"/>
      </CompilerMessages>
      <CompilerPath Value="$(CompPath)"/>
      <ExecuteAfter>
        <Command Value="copy.bat"/>
        <CompileReasons Run="False"/>
      </ExecuteAfter>
    </Other>
  </CompilerOptions>
  <Debugging>
    <Exceptions Count="3" IgnoreAll="True">
      <Item1>
        <Name Value="EAbort"/>
        <Enabled Value="False"/>
      </Item1>
      <Item2>
        <Name Value="ECodetoolError"/>
        <Enabled Value="False"/>
      </Item2>
      <Item3>
        <Name Value="EFOpenError"/>
        <Enabled Value="False"/>
      </Item3>
    </Exceptions>
  </Debugging>
</CONFIG>
