<?xml version="1.0" encoding="UTF-8"?>
<CONFIG>
  <ProjectOptions>
    <Version Value="9"/>
    <PathDelim Value="\"/>
    <General>
      <SessionStorage Value="InIDEConfig"/>
      <MainUnit Value="0"/>
      <AutoCreateForms Value="False"/>
      <UseAppBundle Value="False"/>
      <ResourceType Value="res"/>
      <UseXPManifest Value="True"/>
      <Icon Value="0"/>
    </General>
    <i18n>
      <EnableI18N Value="True"/>
      <OutDir Value="locale"/>
    </i18n>
    <VersionInfo>
      <UseVersionInfo Value="True"/>
      <MinorVersionNr Value="82"/>
      <RevisionNr Value="2"/>
      <StringTable ProductVersion=""/>
    </VersionInfo>
    <BuildModes Count="1">
      <Item1 Name="Default" Default="True"/>
    </BuildModes>
    <PublishOptions>
      <Version Value="2"/>
      <IncludeFileFilter Value="*.(pas|pp|inc|lfm|lpr|lrs|lpi|lpk|sh|xml)"/>
      <ExcludeFileFilter Value="*.(bak|ppu|o|so);*~;backup"/>
    </PublishOptions>
    <RunParams>
      <local>
        <FormatVersion Value="1"/>
      </local>
    </RunParams>
    <RequiredPackages Count="2">
      <Item1>
        <PackageName Value="LazControls"/>
      </Item1>
      <Item2>
        <PackageName Value="LCL"/>
      </Item2>
    </RequiredPackages>
    <Units Count="39">
      <Unit0>
        <Filename Value="terry.lpr"/>
        <IsPartOfProject Value="True"/>
      </Unit0>
      <Unit1>
        <Filename Value="declu.pas"/>
        <IsPartOfProject Value="True"/>
        <UnitName Value="declu"/>
      </Unit1>
      <Unit2>
        <Filename Value="DockH.pas"/>
        <IsPartOfProject Value="True"/>
        <UnitName Value="DockH"/>
      </Unit2>
      <Unit3>
        <Filename Value="frmmainu.pas"/>
        <IsPartOfProject Value="True"/>
        <ComponentName Value="frmmain"/>
        <HasResources Value="True"/>
        <ResourceBaseClass Value="Form"/>
        <UnitName Value="frmmainu"/>
      </Unit3>
      <Unit4>
        <Filename Value="frmsetsu.pas"/>
        <IsPartOfProject Value="True"/>
        <ComponentName Value="frmsets"/>
        <HasResources Value="True"/>
        <ResourceBaseClass Value="Form"/>
        <UnitName Value="frmsetsu"/>
      </Unit4>
      <Unit5>
        <Filename Value="frmitemoptu.pas"/>
        <IsPartOfProject Value="True"/>
        <ComponentName Value="frmItemProp"/>
        <HasResources Value="True"/>
        <ResourceBaseClass Value="Form"/>
        <UnitName Value="frmitemoptu"/>
      </Unit5>
      <Unit6>
        <Filename Value="frmcmdu.pas"/>
        <IsPartOfProject Value="True"/>
        <ComponentName Value="frmcmd"/>
        <HasResources Value="True"/>
        <ResourceBaseClass Value="Form"/>
        <UnitName Value="frmcmdu"/>
      </Unit6>
      <Unit7>
        <Filename Value="frmthemeeditoru.pas"/>
        <IsPartOfProject Value="True"/>
        <ComponentName Value="frmThemeEditor"/>
        <HasResources Value="True"/>
        <ResourceBaseClass Value="Form"/>
        <UnitName Value="frmthemeeditoru"/>
      </Unit7>
      <Unit8>
        <Filename Value="frmColorU.pas"/>
        <IsPartOfProject Value="True"/>
        <ComponentName Value="frmColor"/>
        <HasResources Value="True"/>
        <ResourceBaseClass Value="Form"/>
        <UnitName Value="frmColorU"/>
      </Unit8>
      <Unit9>
        <Filename Value="themeu.pas"/>
        <IsPartOfProject Value="True"/>
        <UnitName Value="themeu"/>
      </Unit9>
      <Unit10>
        <Filename Value="setsu.pas"/>
        <IsPartOfProject Value="True"/>
        <UnitName Value="setsu"/>
      </Unit10>
      <Unit11>
        <Filename Value="gfx.pas"/>
        <IsPartOfProject Value="True"/>
        <UnitName Value="gfx"/>
      </Unit11>
      <Unit12>
        <Filename Value="toolu.pas"/>
        <IsPartOfProject Value="True"/>
        <UnitName Value="toolu"/>
      </Unit12>
      <Unit13>
        <Filename Value="itemmgru.pas"/>
        <IsPartOfProject Value="True"/>
        <UnitName Value="itemmgru"/>
      </Unit13>
      <Unit14>
        <Filename Value="scitemu.pas"/>
        <IsPartOfProject Value="True"/>
        <UnitName Value="scitemu"/>
      </Unit14>
      <Unit15>
        <Filename Value="hintu.pas"/>
        <IsPartOfProject Value="True"/>
        <UnitName Value="hintu"/>
      </Unit15>
      <Unit16>
        <Filename Value="droptgtu.pas"/>
        <IsPartOfProject Value="True"/>
        <UnitName Value="DropTgtU"/>
      </Unit16>
      <Unit17>
        <Filename Value="plgitemu.pas"/>
        <IsPartOfProject Value="True"/>
        <UnitName Value="plgitemu"/>
      </Unit17>
      <Unit18>
        <Filename Value="shcontextu.pas"/>
        <IsPartOfProject Value="True"/>
        <UnitName Value="shcontextu"/>
      </Unit18>
      <Unit19>
        <Filename Value="sepitemu.pas"/>
        <IsPartOfProject Value="True"/>
        <UnitName Value="sepitemu"/>
      </Unit19>
      <Unit20>
        <Filename Value="notifieru.pas"/>
        <IsPartOfProject Value="True"/>
        <UnitName Value="notifieru"/>
      </Unit20>
      <Unit21>
        <Filename Value="PIDL.pas"/>
        <IsPartOfProject Value="True"/>
        <UnitName Value="PIDL"/>
      </Unit21>
      <Unit22>
        <Filename Value="dwm_unit.pas"/>
        <IsPartOfProject Value="True"/>
        <UnitName Value="dwm_unit"/>
      </Unit22>
      <Unit23>
        <Filename Value="taskitemu.pas"/>
        <IsPartOfProject Value="True"/>
        <UnitName Value="taskitemu"/>
      </Unit23>
      <Unit24>
        <Filename Value="EColor.pas"/>
        <IsPartOfProject Value="True"/>
        <UnitName Value="EColor"/>
      </Unit24>
      <Unit25>
        <Filename Value="customitemu.pas"/>
        <IsPartOfProject Value="True"/>
        <UnitName Value="customitemu"/>
      </Unit25>
      <Unit26>
        <Filename Value="frmDebugU.pas"/>
        <IsPartOfProject Value="True"/>
        <ComponentName Value="frmDebug"/>
        <HasResources Value="True"/>
        <ResourceBaseClass Value="Form"/>
        <UnitName Value="frmDebugU"/>
      </Unit26>
      <Unit27>
        <Filename Value="traycontrolleru.pas"/>
        <IsPartOfProject Value="True"/>
        <UnitName Value="traycontrolleru"/>
      </Unit27>
      <Unit28>
        <Filename Value="frmaddcommandu.pas"/>
        <IsPartOfProject Value="True"/>
        <ComponentName Value="frmAddCommand"/>
        <HasResources Value="True"/>
        <ResourceBaseClass Value="Form"/>
        <UnitName Value="frmAddCommandU"/>
      </Unit28>
      <Unit29>
        <Filename Value="stackitemu.pas"/>
        <IsPartOfProject Value="True"/>
        <UnitName Value="stackitemu"/>
      </Unit29>
      <Unit30>
        <Filename Value="frmstackpropu.pas"/>
        <IsPartOfProject Value="True"/>
        <ComponentName Value="frmStackProp"/>
        <HasResources Value="True"/>
        <ResourceBaseClass Value="Form"/>
        <UnitName Value="frmstackpropu"/>
      </Unit30>
      <Unit31>
        <Filename Value="stacksubitemu.pas"/>
        <IsPartOfProject Value="True"/>
        <UnitName Value="stacksubitemu"/>
      </Unit31>
      <Unit32>
        <Filename Value="stackmodeu.pas"/>
        <IsPartOfProject Value="True"/>
        <UnitName Value="stackmodeu"/>
      </Unit32>
      <Unit33>
        <Filename Value="processhlp.pas"/>
        <IsPartOfProject Value="True"/>
        <UnitName Value="processhlp"/>
      </Unit33>
      <Unit34>
        <Filename Value="frmhellou.pas"/>
        <IsPartOfProject Value="True"/>
        <ComponentName Value="frmHello"/>
        <HasResources Value="True"/>
        <ResourceBaseClass Value="Form"/>
        <UnitName Value="frmhellou"/>
      </Unit34>
      <Unit35>
        <Filename Value="frmtipu.pas"/>
        <IsPartOfProject Value="True"/>
        <ComponentName Value="frmTip"/>
        <HasResources Value="True"/>
        <ResourceBaseClass Value="Form"/>
        <UnitName Value="frmtipu"/>
      </Unit35>
      <Unit36>
        <Filename Value="multidocku.pas"/>
        <IsPartOfProject Value="True"/>
        <UnitName Value="multidocku"/>
      </Unit36>
      <Unit37>
        <Filename Value="aeropeeku.pas"/>
        <IsPartOfProject Value="True"/>
        <UnitName Value="aeropeeku"/>
      </Unit37>
      <Unit38>
        <Filename Value="startmenu.pas"/>
        <IsPartOfProject Value="True"/>
        <UnitName Value="startmenu"/>
      </Unit38>
    </Units>
  </ProjectOptions>
  <CompilerOptions>
    <Version Value="11"/>
    <PathDelim Value="\"/>
    <Target>
      <Filename Value="tdock"/>
    </Target>
    <SearchPaths>
      <IncludeFiles Value="$(ProjOutDir)"/>
      <UnitOutputDirectory Value="lib"/>
    </SearchPaths>
    <Parsing>
      <SyntaxOptions>
        <SyntaxMode Value="Delphi"/>
        <AllowLabel Value="False"/>
      </SyntaxOptions>
    </Parsing>
    <CodeGeneration>
      <SmartLinkUnit Value="True"/>
      <TargetOS Value="win32"/>
      <Optimizations>
        <OptimizationLevel Value="2"/>
      </Optimizations>
    </CodeGeneration>
    <Linking>
      <Debugging>
        <GenerateDebugInfo Value="False"/>
        <UseLineInfoUnit Value="False"/>
        <StripSymbols Value="True"/>
      </Debugging>
      <LinkSmart Value="True"/>
      <Options>
        <Win32>
          <GraphicApplication Value="True"/>
        </Win32>
      </Options>
    </Linking>
    <Other>
      <CompilerMessages>
        <UseMsgFile Value="True"/>
      </CompilerMessages>
      <CompilerPath Value="$(CompPath)"/>
      <ExecuteAfter>
        <Command Value="copy.bat"/>
        <CompileReasons Run="False"/>
      </ExecuteAfter>
    </Other>
  </CompilerOptions>
  <Debugging>
    <Exceptions Count="3" IgnoreAll="True">
      <Item1>
        <Name Value="EAbort"/>
        <Enabled Value="False"/>
      </Item1>
      <Item2>
        <Name Value="ECodetoolError"/>
        <Enabled Value="False"/>
      </Item2>
      <Item3>
        <Name Value="EFOpenError"/>
        <Enabled Value="False"/>
      </Item3>
    </Exceptions>
  </Debugging>
</CONFIG>
