<?xml version="1.0"?>
<CONFIG>
  <ProjectOptions>
    <Version Value="9"/>
    <PathDelim Value="\"/>
    <General>
      <MainUnit Value="0"/>
      <Title Value="AppSearch"/>
      <UseAppBundle Value="False"/>
      <ResourceType Value="res"/>
      <UseXPManifest Value="True"/>
      <XPManifest>
        <DpiAware Value="True"/>
      </XPManifest>
      <ActiveWindowIndexAtStart Value="0"/>
    </General>
    <i18n>
      <OutDir Value="Locale"/>
    </i18n>
    <VersionInfo>
      <UseVersionInfo Value="True"/>
      <MinorVersionNr Value="10"/>
      <StringTable ProductVersion=""/>
    </VersionInfo>
    <BuildModes Count="1" Active="Default">
      <Item1 Name="Default" Default="True"/>
    </BuildModes>
    <PublishOptions>
      <Version Value="2"/>
      <IncludeFileFilter Value="*.(pas|pp|inc|lfm|lpr|lrs|lpi|lpk|sh|xml)"/>
      <ExcludeFileFilter Value="*.(bak|ppu|o|so);*~;backup"/>
    </PublishOptions>
    <RunParams>
      <local>
        <FormatVersion Value="1"/>
      </local>
    </RunParams>
    <RequiredPackages Count="2">
      <Item1>
        <PackageName Value="SynEdit"/>
      </Item1>
      <Item2>
        <PackageName Value="LCL"/>
      </Item2>
    </RequiredPackages>
    <Units Count="11">
      <Unit0>
        <Filename Value="AppSearch.lpr"/>
        <IsPartOfProject Value="True"/>
        <UnitName Value="AppSearch"/>
        <WindowIndex Value="0"/>
        <TopLine Value="1"/>
        <CursorPos X="8" Y="3"/>
        <UsageCount Value="46"/>
        <DefaultSyntaxHighlighter Value="Delphi"/>
      </Unit0>
      <Unit1>
        <Filename Value="frmappsu.pas"/>
        <IsPartOfProject Value="True"/>
        <ComponentName Value="frmApps"/>
        <HasResources Value="True"/>
        <ResourceBaseClass Value="Form"/>
        <UnitName Value="frmAppsU"/>
        <IsVisibleTab Value="True"/>
        <EditorIndex Value="0"/>
        <WindowIndex Value="0"/>
        <TopLine Value="64"/>
        <CursorPos X="90" Y="88"/>
        <FoldState Value=" T3iQ03112 pj8k10b3E"/>
        <UsageCount Value="46"/>
        <Loaded Value="True"/>
        <LoadedDesigner Value="True"/>
        <DefaultSyntaxHighlighter Value="Delphi"/>
      </Unit1>
      <Unit2>
        <Filename Value="C:\lazarus\fpc\2.6.0\source\packages\winunits-base\src\activex.pp"/>
        <UnitName Value="ActiveX"/>
        <WindowIndex Value="0"/>
        <TopLine Value="669"/>
        <CursorPos X="5" Y="687"/>
        <UsageCount Value="10"/>
      </Unit2>
      <Unit3>
        <Filename Value="C:\lazarus\fpc\2.6.0\source\rtl\objpas\dateutils.pp"/>
        <UnitName Value="dateutils"/>
        <WindowIndex Value="0"/>
        <TopLine Value="1"/>
        <CursorPos X="9" Y="1"/>
        <UsageCount Value="10"/>
      </Unit3>
      <Unit4>
        <Filename Value="C:\lazarus\fpc\2.6.0\source\rtl\objpas\dateutil.inc"/>
        <WindowIndex Value="0"/>
        <TopLine Value="223"/>
        <CursorPos X="21" Y="237"/>
        <UsageCount Value="10"/>
      </Unit4>
      <Unit5>
        <Filename Value="C:\lazarus\lcl\comctrls.pp"/>
        <UnitName Value="ComCtrls"/>
        <WindowIndex Value="0"/>
        <TopLine Value="650"/>
        <CursorPos X="19" Y="669"/>
        <UsageCount Value="10"/>
      </Unit5>
      <Unit6>
        <Filename Value="gdip_gfx.pas"/>
        <IsPartOfProject Value="True"/>
        <UnitName Value="gdip_gfx"/>
        <EditorIndex Value="1"/>
        <WindowIndex Value="0"/>
        <TopLine Value="742"/>
        <CursorPos X="21" Y="833"/>
        <UsageCount Value="41"/>
        <Loaded Value="True"/>
        <DefaultSyntaxHighlighter Value="Delphi"/>
      </Unit6>
      <Unit7>
        <Filename Value="DirectXCommon.pas"/>
        <UnitName Value="DirectXCommon"/>
        <WindowIndex Value="0"/>
        <TopLine Value="113"/>
        <CursorPos X="23" Y="136"/>
        <UsageCount Value="10"/>
        <DefaultSyntaxHighlighter Value="Delphi"/>
      </Unit7>
      <Unit8>
        <Filename Value="C:\lazarus\fpc\2.6.0\source\rtl\win\wininc\defines.inc"/>
        <WindowIndex Value="0"/>
        <TopLine Value="2167"/>
        <CursorPos X="6" Y="2190"/>
        <UsageCount Value="10"/>
      </Unit8>
      <Unit9>
        <Filename Value="C:\lazarus\lcl\lclintf.pas"/>
        <UnitName Value="LCLIntf"/>
        <WindowIndex Value="0"/>
        <TopLine Value="47"/>
        <CursorPos X="48" Y="52"/>
        <UsageCount Value="10"/>
      </Unit9>
      <Unit10>
        <Filename Value="C:\lazarus\fpc\2.6.0\source\packages\winunits-base\src\shlobj.pp"/>
        <UnitName Value="shlobj"/>
        <WindowIndex Value="0"/>
        <TopLine Value="183"/>
        <CursorPos X="4" Y="59"/>
        <UsageCount Value="10"/>
      </Unit10>
    </Units>
    <JumpHistory Count="30" HistoryIndex="29">
      <Position1>
        <Filename Value="frmappsu.pas"/>
        <Caret Line="96" Column="34" TopLine="96"/>
      </Position1>
      <Position2>
        <Filename Value="frmappsu.pas"/>
        <Caret Line="97" Column="34" TopLine="97"/>
      </Position2>
      <Position3>
        <Filename Value="frmappsu.pas"/>
        <Caret Line="96" Column="34" TopLine="96"/>
      </Position3>
      <Position4>
        <Filename Value="frmappsu.pas"/>
        <Caret Line="97" Column="34" TopLine="97"/>
      </Position4>
      <Position5>
        <Filename Value="frmappsu.pas"/>
        <Caret Line="96" Column="34" TopLine="96"/>
      </Position5>
      <Position6>
        <Filename Value="frmappsu.pas"/>
        <Caret Line="110" Column="24" TopLine="95"/>
      </Position6>
      <Position7>
        <Filename Value="frmappsu.pas"/>
        <Caret Line="109" Column="24" TopLine="94"/>
      </Position7>
      <Position8>
        <Filename Value="frmappsu.pas"/>
        <Caret Line="108" Column="24" TopLine="93"/>
      </Position8>
      <Position9>
        <Filename Value="frmappsu.pas"/>
        <Caret Line="107" Column="24" TopLine="92"/>
      </Position9>
      <Position10>
        <Filename Value="frmappsu.pas"/>
        <Caret Line="115" Column="24" TopLine="94"/>
      </Position10>
      <Position11>
        <Filename Value="frmappsu.pas"/>
        <Caret Line="182" Column="87" TopLine="127"/>
      </Position11>
      <Position12>
        <Filename Value="frmappsu.pas"/>
        <Caret Line="10" Column="21" TopLine="1"/>
      </Position12>
      <Position13>
        <Filename Value="frmappsu.pas"/>
        <Caret Line="33" Column="24" TopLine="14"/>
      </Position13>
      <Position14>
        <Filename Value="frmappsu.pas"/>
        <Caret Line="434" Column="46" TopLine="416"/>
      </Position14>
      <Position15>
        <Filename Value="frmappsu.pas"/>
        <Caret Line="74" Column="14" TopLine="67"/>
      </Position15>
      <Position16>
        <Filename Value="frmappsu.pas"/>
        <Caret Line="73" Column="14" TopLine="66"/>
      </Position16>
      <Position17>
        <Filename Value="frmappsu.pas"/>
        <Caret Line="84" Column="3" TopLine="66"/>
      </Position17>
      <Position18>
        <Filename Value="frmappsu.pas"/>
        <Caret Line="83" Column="3" TopLine="65"/>
      </Position18>
      <Position19>
        <Filename Value="frmappsu.pas"/>
        <Caret Line="82" Column="3" TopLine="64"/>
      </Position19>
      <Position20>
        <Filename Value="frmappsu.pas"/>
        <Caret Line="81" Column="3" TopLine="63"/>
      </Position20>
      <Position21>
        <Filename Value="frmappsu.pas"/>
        <Caret Line="80" Column="3" TopLine="62"/>
      </Position21>
      <Position22>
        <Filename Value="frmappsu.pas"/>
        <Caret Line="81" Column="3" TopLine="63"/>
      </Position22>
      <Position23>
        <Filename Value="frmappsu.pas"/>
        <Caret Line="80" Column="3" TopLine="62"/>
      </Position23>
      <Position24>
        <Filename Value="frmappsu.pas"/>
        <Caret Line="22" Column="1" TopLine="18"/>
      </Position24>
      <Position25>
        <Filename Value="frmappsu.pas"/>
        <Caret Line="73" Column="22" TopLine="52"/>
      </Position25>
      <Position26>
        <Filename Value="frmappsu.pas"/>
        <Caret Line="308" Column="26" TopLine="285"/>
      </Position26>
      <Position27>
        <Filename Value="frmappsu.pas"/>
        <Caret Line="25" Column="24" TopLine="10"/>
      </Position27>
      <Position28>
        <Filename Value="frmappsu.pas"/>
        <Caret Line="8" Column="48" TopLine="1"/>
      </Position28>
      <Position29>
        <Filename Value="frmappsu.pas"/>
        <Caret Line="57" Column="1" TopLine="34"/>
      </Position29>
      <Position30>
        <Filename Value="frmappsu.pas"/>
        <Caret Line="88" Column="91" TopLine="62"/>
      </Position30>
    </JumpHistory>
  </ProjectOptions>
  <CompilerOptions>
    <Version Value="11"/>
    <PathDelim Value="\"/>
    <Target>
      <Filename Value="apps"/>
    </Target>
    <SearchPaths>
      <IncludeFiles Value="$(ProjOutDir)"/>
      <UnitOutputDirectory Value="lib\$(TargetCPU)-$(TargetOS)"/>
    </SearchPaths>
    <Parsing>
      <SyntaxOptions>
        <SyntaxMode Value="Delphi"/>
      </SyntaxOptions>
    </Parsing>
    <CodeGeneration>
      <SmartLinkUnit Value="True"/>
      <TargetOS Value="win32"/>
      <Optimizations>
        <OptimizationLevel Value="3"/>
      </Optimizations>
    </CodeGeneration>
    <Linking>
      <Debugging>
        <GenerateDebugInfo Value="False"/>
        <UseLineInfoUnit Value="False"/>
        <StripSymbols Value="True"/>
      </Debugging>
      <LinkSmart Value="True"/>
      <Options>
        <Win32>
          <GraphicApplication Value="True"/>
        </Win32>
      </Options>
    </Linking>
    <Other>
      <CompilerMessages>
        <UseMsgFile Value="True"/>
      </CompilerMessages>
      <CompilerPath Value="$(CompPath)"/>
      <ExecuteAfter>
        <Command Value="copy.bat"/>
        <CompileReasons Run="False"/>
      </ExecuteAfter>
    </Other>
  </CompilerOptions>
  <Debugging>
    <Exceptions Count="3">
      <Item1>
        <Name Value="EAbort"/>
      </Item1>
      <Item2>
        <Name Value="ECodetoolError"/>
      </Item2>
      <Item3>
        <Name Value="EFOpenError"/>
      </Item3>
    </Exceptions>
  </Debugging>
</CONFIG>
